
Microsoft Visual Studio Solution File, Format Version 12.00
# Visual Studio Version 17
VisualStudioVersion = 17.2.32519.379
MinimumVisualStudioVersion = 10.0.40219.1
Project("{9A19103F-16F7-4668-BE54-9A1E7A4F7556}") = "BasicMokymai", "BasicMokymai\BasicMokymai.csproj", "{4CF6BF3B-CE53-4632-8091-BAB2D21B811F}"
EndProject
Project("{9A19103F-16F7-4668-BE54-9A1E7A4F7556}") = "Komentarai", "Komentarai\Komentarai.csproj", "{9FFE7E00-7038-4103-9706-E8F2D34D9DF9}"
EndProject
Project("{9A19103F-16F7-4668-BE54-9A1E7A4F7556}") = "ConsoleUzduotis_1", "ConsoleUzduotis_1\ConsoleUzduotis_1.csproj", "{9CFB5486-7F2D-4E9C-A6FB-06377F890EDE}"
EndProject
Project("{9A19103F-16F7-4668-BE54-9A1E7A4F7556}") = "String_Kintamieji", "String_Kintamieji\String_Kintamieji.csproj", "{8D15583E-900E-4276-833F-699BAD16FB98}"
EndProject
Project("{9A19103F-16F7-4668-BE54-9A1E7A4F7556}") = "SavarankiskasDarbas_TowerOfHanoi", "SavarankiskasDarbas_TowerOfHanoi\SavarankiskasDarbas_TowerOfHanoi.csproj", "{A6E8D38C-70E6-473A-BC5C-15BD66C2A7FC}"
EndProject
Project("{9A19103F-16F7-4668-BE54-9A1E7A4F7556}") = "Kintamieji", "Kintamieji\Kintamieji.csproj", "{9DD9B156-C48F-48AE-AF69-6E2E2175D072}"
EndProject
Project("{9A19103F-16F7-4668-BE54-9A1E7A4F7556}") = "Kintamieji_Uzdaviniai", "Kintamieji_Uzdaviniai\Kintamieji_Uzdaviniai.csproj", "{9CF7C271-2227-4679-9F8B-E597F24A5919}"
EndProject
Project("{9A19103F-16F7-4668-BE54-9A1E7A4F7556}") = "Tipu_Konversijos", "Tipu_Konversijos\Tipu_Konversijos.csproj", "{D334AD06-AB35-4E1D-8A80-980AB6E7F0A7}"
EndProject
Project("{9A19103F-16F7-4668-BE54-9A1E7A4F7556}") = "Matematiniai_Operatoriai", "Matematiniai_Operatoriai\Matematiniai_Operatoriai.csproj", "{B63214D2-51CB-4E48-A8C3-249D5DA25C96}"
EndProject
Project("{9A19103F-16F7-4668-BE54-9A1E7A4F7556}") = "Matimatiniai_Operatoriai_Uzdaviniai", "Matimatiniai_Operatoriai_Uzdaviniai\Matimatiniai_Operatoriai_Uzdaviniai.csproj", "{AE2AFD54-596E-4525-A91D-CFE69F20F282}"
EndProject
Project("{9A19103F-16F7-4668-BE54-9A1E7A4F7556}") = "Savarankiskas_Darbas_Termometras_Atstumas", "Savarankiskas_Darbas_Termometras_Atstumas\Savarankiskas_Darbas_Termometras_Atstumas.csproj", "{98263B75-A0A7-486A-B2A3-250228AD2D1E}"
EndProject
Project("{FAE04EC0-301F-11D3-BF4B-00C04F79EFBC}") = "Loginiai_operatoriai", "Loginiai_operatoriai\Loginiai_operatoriai.csproj", "{76EA1266-701C-4B3B-A144-F5FD83CCE4DF}"
EndProject
Global
	GlobalSection(SolutionConfigurationPlatforms) = preSolution
		Debug|Any CPU = Debug|Any CPU
		Release|Any CPU = Release|Any CPU
	EndGlobalSection
	GlobalSection(ProjectConfigurationPlatforms) = postSolution
		{4CF6BF3B-CE53-4632-8091-BAB2D21B811F}.Debug|Any CPU.ActiveCfg = Debug|Any CPU
		{4CF6BF3B-CE53-4632-8091-BAB2D21B811F}.Debug|Any CPU.Build.0 = Debug|Any CPU
		{4CF6BF3B-CE53-4632-8091-BAB2D21B811F}.Release|Any CPU.ActiveCfg = Release|Any CPU
		{4CF6BF3B-CE53-4632-8091-BAB2D21B811F}.Release|Any CPU.Build.0 = Release|Any CPU
		{9FFE7E00-7038-4103-9706-E8F2D34D9DF9}.Debug|Any CPU.ActiveCfg = Debug|Any CPU
		{9FFE7E00-7038-4103-9706-E8F2D34D9DF9}.Debug|Any CPU.Build.0 = Debug|Any CPU
		{9FFE7E00-7038-4103-9706-E8F2D34D9DF9}.Release|Any CPU.ActiveCfg = Release|Any CPU
		{9FFE7E00-7038-4103-9706-E8F2D34D9DF9}.Release|Any CPU.Build.0 = Release|Any CPU
		{9CFB5486-7F2D-4E9C-A6FB-06377F890EDE}.Debug|Any CPU.ActiveCfg = Debug|Any CPU
		{9CFB5486-7F2D-4E9C-A6FB-06377F890EDE}.Debug|Any CPU.Build.0 = Debug|Any CPU
		{9CFB5486-7F2D-4E9C-A6FB-06377F890EDE}.Release|Any CPU.ActiveCfg = Release|Any CPU
		{9CFB5486-7F2D-4E9C-A6FB-06377F890EDE}.Release|Any CPU.Build.0 = Release|Any CPU
		{8D15583E-900E-4276-833F-699BAD16FB98}.Debug|Any CPU.ActiveCfg = Debug|Any CPU
		{8D15583E-900E-4276-833F-699BAD16FB98}.Debug|Any CPU.Build.0 = Debug|Any CPU
		{8D15583E-900E-4276-833F-699BAD16FB98}.Release|Any CPU.ActiveCfg = Release|Any CPU
		{8D15583E-900E-4276-833F-699BAD16FB98}.Release|Any CPU.Build.0 = Release|Any CPU
		{A6E8D38C-70E6-473A-BC5C-15BD66C2A7FC}.Debug|Any CPU.ActiveCfg = Debug|Any CPU
		{A6E8D38C-70E6-473A-BC5C-15BD66C2A7FC}.Debug|Any CPU.Build.0 = Debug|Any CPU
		{A6E8D38C-70E6-473A-BC5C-15BD66C2A7FC}.Release|Any CPU.ActiveCfg = Release|Any CPU
		{A6E8D38C-70E6-473A-BC5C-15BD66C2A7FC}.Release|Any CPU.Build.0 = Release|Any CPU
		{9DD9B156-C48F-48AE-AF69-6E2E2175D072}.Debug|Any CPU.ActiveCfg = Debug|Any CPU
		{9DD9B156-C48F-48AE-AF69-6E2E2175D072}.Debug|Any CPU.Build.0 = Debug|Any CPU
		{9DD9B156-C48F-48AE-AF69-6E2E2175D072}.Release|Any CPU.ActiveCfg = Release|Any CPU
		{9DD9B156-C48F-48AE-AF69-6E2E2175D072}.Release|Any CPU.Build.0 = Release|Any CPU
		{9CF7C271-2227-4679-9F8B-E597F24A5919}.Debug|Any CPU.ActiveCfg = Debug|Any CPU
		{9CF7C271-2227-4679-9F8B-E597F24A5919}.Debug|Any CPU.Build.0 = Debug|Any CPU
		{9CF7C271-2227-4679-9F8B-E597F24A5919}.Release|Any CPU.ActiveCfg = Release|Any CPU
		{9CF7C271-2227-4679-9F8B-E597F24A5919}.Release|Any CPU.Build.0 = Release|Any CPU
		{D334AD06-AB35-4E1D-8A80-980AB6E7F0A7}.Debug|Any CPU.ActiveCfg = Debug|Any CPU
		{D334AD06-AB35-4E1D-8A80-980AB6E7F0A7}.Debug|Any CPU.Build.0 = Debug|Any CPU
		{D334AD06-AB35-4E1D-8A80-980AB6E7F0A7}.Release|Any CPU.ActiveCfg = Release|Any CPU
		{D334AD06-AB35-4E1D-8A80-980AB6E7F0A7}.Release|Any CPU.Build.0 = Release|Any CPU
		{B63214D2-51CB-4E48-A8C3-249D5DA25C96}.Debug|Any CPU.ActiveCfg = Debug|Any CPU
		{B63214D2-51CB-4E48-A8C3-249D5DA25C96}.Debug|Any CPU.Build.0 = Debug|Any CPU
		{B63214D2-51CB-4E48-A8C3-249D5DA25C96}.Release|Any CPU.ActiveCfg = Release|Any CPU
		{B63214D2-51CB-4E48-A8C3-249D5DA25C96}.Release|Any CPU.Build.0 = Release|Any CPU
		{AE2AFD54-596E-4525-A91D-CFE69F20F282}.Debug|Any CPU.ActiveCfg = Debug|Any CPU
		{AE2AFD54-596E-4525-A91D-CFE69F20F282}.Debug|Any CPU.Build.0 = Debug|Any CPU
		{AE2AFD54-596E-4525-A91D-CFE69F20F282}.Release|Any CPU.ActiveCfg = Release|Any CPU
		{AE2AFD54-596E-4525-A91D-CFE69F20F282}.Release|Any CPU.Build.0 = Release|Any CPU
		{98263B75-A0A7-486A-B2A3-250228AD2D1E}.Debug|Any CPU.ActiveCfg = Debug|Any CPU
		{98263B75-A0A7-486A-B2A3-250228AD2D1E}.Debug|Any CPU.Build.0 = Debug|Any CPU
		{98263B75-A0A7-486A-B2A3-250228AD2D1E}.Release|Any CPU.ActiveCfg = Release|Any CPU
		{98263B75-A0A7-486A-B2A3-250228AD2D1E}.Release|Any CPU.Build.0 = Release|Any CPU
		{76EA1266-701C-4B3B-A144-F5FD83CCE4DF}.Debug|Any CPU.ActiveCfg = Debug|Any CPU
		{76EA1266-701C-4B3B-A144-F5FD83CCE4DF}.Debug|Any CPU.Build.0 = Debug|Any CPU
		{76EA1266-701C-4B3B-A144-F5FD83CCE4DF}.Release|Any CPU.ActiveCfg = Release|Any CPU
		{76EA1266-701C-4B3B-A144-F5FD83CCE4DF}.Release|Any CPU.Build.0 = Release|Any CPU
	EndGlobalSection
	GlobalSection(SolutionProperties) = preSolution
		HideSolutionNode = FALSE
	EndGlobalSection
	GlobalSection(ExtensibilityGlobals) = postSolution
		SolutionGuid = {15C80910-8C9E-4417-B771-0E81969B0D64}
	EndGlobalSection
EndGlobal
