
Microsoft Visual Studio Solution File, Format Version 12.00
# Visual Studio Version 17
VisualStudioVersion = 17.2.32519.379
MinimumVisualStudioVersion = 10.0.40219.1
Project("{9A19103F-16F7-4668-BE54-9A1E7A4F7556}") = "BasicMokymai", "BasicMokymai\BasicMokymai.csproj", "{4CF6BF3B-CE53-4632-8091-BAB2D21B811F}"
EndProject
Project("{9A19103F-16F7-4668-BE54-9A1E7A4F7556}") = "Komentarai", "Komentarai\Komentarai.csproj", "{9FFE7E00-7038-4103-9706-E8F2D34D9DF9}"
EndProject
Project("{9A19103F-16F7-4668-BE54-9A1E7A4F7556}") = "ConsoleUzduotis_1", "ConsoleUzduotis_1\ConsoleUzduotis_1.csproj", "{9CFB5486-7F2D-4E9C-A6FB-06377F890EDE}"
EndProject
Project("{9A19103F-16F7-4668-BE54-9A1E7A4F7556}") = "String_Kintamieji", "String_Kintamieji\String_Kintamieji.csproj", "{8D15583E-900E-4276-833F-699BAD16FB98}"
EndProject
Project("{9A19103F-16F7-4668-BE54-9A1E7A4F7556}") = "SavarankiskasDarbas_TowerOfHanoi", "SavarankiskasDarbas_TowerOfHanoi\SavarankiskasDarbas_TowerOfHanoi.csproj", "{A6E8D38C-70E6-473A-BC5C-15BD66C2A7FC}"
EndProject
Project("{9A19103F-16F7-4668-BE54-9A1E7A4F7556}") = "Kintamieji", "Kintamieji\Kintamieji.csproj", "{9DD9B156-C48F-48AE-AF69-6E2E2175D072}"
EndProject
Project("{9A19103F-16F7-4668-BE54-9A1E7A4F7556}") = "Kintamieji_Uzdaviniai", "Kintamieji_Uzdaviniai\Kintamieji_Uzdaviniai.csproj", "{9CF7C271-2227-4679-9F8B-E597F24A5919}"
EndProject
Project("{9A19103F-16F7-4668-BE54-9A1E7A4F7556}") = "Tipu_Konversijos", "Tipu_Konversijos\Tipu_Konversijos.csproj", "{D334AD06-AB35-4E1D-8A80-980AB6E7F0A7}"
EndProject
Project("{9A19103F-16F7-4668-BE54-9A1E7A4F7556}") = "Matematiniai_Operatoriai", "Matematiniai_Operatoriai\Matematiniai_Operatoriai.csproj", "{B63214D2-51CB-4E48-A8C3-249D5DA25C96}"
EndProject
Project("{9A19103F-16F7-4668-BE54-9A1E7A4F7556}") = "Matimatiniai_Operatoriai_Uzdaviniai", "Matimatiniai_Operatoriai_Uzdaviniai\Matimatiniai_Operatoriai_Uzdaviniai.csproj", "{AE2AFD54-596E-4525-A91D-CFE69F20F282}"
EndProject
Project("{9A19103F-16F7-4668-BE54-9A1E7A4F7556}") = "Savarankiskas_Darbas_Termometras_Atstumas", "Savarankiskas_Darbas_Termometras_Atstumas\Savarankiskas_Darbas_Termometras_Atstumas.csproj", "{98263B75-A0A7-486A-B2A3-250228AD2D1E}"
EndProject
Project("{9A19103F-16F7-4668-BE54-9A1E7A4F7556}") = "Loginiai_operatoriai", "Loginiai_operatoriai\Loginiai_operatoriai.csproj", "{76EA1266-701C-4B3B-A144-F5FD83CCE4DF}"
EndProject
Project("{9A19103F-16F7-4668-BE54-9A1E7A4F7556}") = "If_else", "If_else\If_else.csproj", "{7872EF73-05B7-4A79-9C76-E5E25242FA0E}"
EndProject
Project("{9A19103F-16F7-4668-BE54-9A1E7A4F7556}") = "if_Uzdaviania", "if_Uzdaviania\if_Uzdaviania.csproj", "{DDEAE3EF-0E0F-4C22-BFC3-3A9875ACB039}"
EndProject
Project("{9A19103F-16F7-4668-BE54-9A1E7A4F7556}") = "Switch_Teorija", "Switch_Teorija\Switch_Teorija.csproj", "{DB0A7C0A-D90B-4194-AB6A-50EA8C136B7A}"
EndProject
Project("{9A19103F-16F7-4668-BE54-9A1E7A4F7556}") = "If_Switch_Uzdaviniai", "If_Switch_Uzdaviniai\If_Switch_Uzdaviniai.csproj", "{233C3777-406C-4E75-8459-A0B473AA724D}"
EndProject
Project("{9A19103F-16F7-4668-BE54-9A1E7A4F7556}") = "String_Manipuliacijos", "String_Manipuliacijos\String_Manipuliacijos.csproj", "{FFA266F2-7E2D-423A-B37A-45DFC201C7BF}"
EndProject
Project("{9A19103F-16F7-4668-BE54-9A1E7A4F7556}") = "Anketa_Savarankiskas_Darbas", "Anketa_Savarankiskas_Darbas\Anketa_Savarankiskas_Darbas.csproj", "{D588C737-0A12-4BA0-92A3-989B7B7F0D34}"
EndProject
Project("{9A19103F-16F7-4668-BE54-9A1E7A4F7556}") = "Methods", "Methods\Methods.csproj", "{EF43C798-6B83-41D7-BFE9-72B0DDD37A77}"
EndProject
Project("{9A19103F-16F7-4668-BE54-9A1E7A4F7556}") = "Method_Uzdavinai", "Method_Uzdavinai\Method_Uzdavinai.csproj", "{DECD3E7B-8896-44AD-8C24-CCC00DE5AF06}"
EndProject
Project("{2150E333-8FDC-42A3-9474-1A3956D46DE8}") = "Tests", "Tests", "{C0BA5E31-DEAE-4468-9DA1-66E48066220F}"
EndProject
Project("{9A19103F-16F7-4668-BE54-9A1E7A4F7556}") = "Methods_Test", "Methods_Test\Methods_Test.csproj", "{5C0BBB4B-445D-4A7B-93A1-4F555E447371}"
EndProject
Project("{9A19103F-16F7-4668-BE54-9A1E7A4F7556}") = "DebugTeorija", "Debug\DebugTeorija.csproj", "{036A233B-4E84-4B98-8273-B1A183C11DFD}"
EndProject
Project("{9A19103F-16F7-4668-BE54-9A1E7A4F7556}") = "Uzdavinys_Matematika", "Uzdavinys_Matematika\Uzdavinys_Matematika.csproj", "{3CA43C7F-699C-450F-BF26-CE6D8B748889}"
EndProject
Project("{9A19103F-16F7-4668-BE54-9A1E7A4F7556}") = "Matematika_Testavimas", "Matematika_Testavimas\Matematika_Testavimas.csproj", "{FBCC762B-6A94-4B46-9B50-830F633A7799}"
EndProject
Project("{9A19103F-16F7-4668-BE54-9A1E7A4F7556}") = "For_While_while_Do", "For_While_while_Do\For_While_while_Do.csproj", "{9621700D-0AC0-42AF-B62E-B9530914242A}"
EndProject
Project("{9A19103F-16F7-4668-BE54-9A1E7A4F7556}") = "For", "For\For.csproj", "{7C881542-1498-45BC-971B-8B9C72C899C2}"
EndProject
Project("{9A19103F-16F7-4668-BE54-9A1E7A4F7556}") = "P017_For_Uzduotys", "P017_For_Uzduotys\P017_For_Uzduotys.csproj", "{91E232FF-10A0-4C4B-AD51-96A2DD21A9A1}"
EndProject
Project("{9A19103F-16F7-4668-BE54-9A1E7A4F7556}") = "P017_StringBuilder", "P017_StringBuilder\P017_StringBuilder.csproj", "{D8ED2109-4767-45D1-AD0E-C42FA5D10960}"
EndProject
Project("{9A19103F-16F7-4668-BE54-9A1E7A4F7556}") = "Masyvas", "Masyvas\Masyvas.csproj", "{D0DBB83D-F97B-4AC1-B798-FF820816ED31}"
EndProject
Project("{9A19103F-16F7-4668-BE54-9A1E7A4F7556}") = "Masivai_test", "Masivai_test\Masivai_test.csproj", "{CEEA5F00-B804-4694-BD7A-9189CF14CF86}"
EndProject
Project("{9A19103F-16F7-4668-BE54-9A1E7A4F7556}") = "List_Teorija", "List_Teorija\List_Teorija.csproj", "{3298578D-6B58-4ACA-8E10-C5931EBE2D8A}"
EndProject
Project("{9A19103F-16F7-4668-BE54-9A1E7A4F7556}") = "List_Uzdavinai", "List_Uzdavinai\List_Uzdavinai.csproj", "{23D4DCDF-8E5A-4727-9026-7C84898558E9}"
EndProject
Project("{9A19103F-16F7-4668-BE54-9A1E7A4F7556}") = "List_test", "List_test\List_test.csproj", "{BA5567AB-9879-41A2-8144-011F27B64CB9}"
EndProject
Project("{9A19103F-16F7-4668-BE54-9A1E7A4F7556}") = "Skaiciatuvas", "Skaiciatuvas\Skaiciatuvas.csproj", "{A4455FE5-AB50-477D-B839-0260080A0FA0}"
EndProject
Project("{9A19103F-16F7-4668-BE54-9A1E7A4F7556}") = "ForEach_teorija", "ForEach_teorija\ForEach_teorija.csproj", "{C9E98F44-0528-4966-8807-566F1F00653E}"
EndProject
Project("{9A19103F-16F7-4668-BE54-9A1E7A4F7556}") = "ForEach_uzdaviniai", "ForEach_uzdaviniai\ForEach_uzdaviniai.csproj", "{00455BD1-8B2D-4FAA-8E60-5950E6562D62}"
EndProject
Project("{9A19103F-16F7-4668-BE54-9A1E7A4F7556}") = "ForEach_Test", "ForEach_Test\ForEach_Test.csproj", "{54328509-E2A3-4FB8-A5DF-4D2944352B17}"
EndProject
Project("{9A19103F-16F7-4668-BE54-9A1E7A4F7556}") = "Dictionaries_teorija", "Dictionaries_teorija\Dictionaries_teorija.csproj", "{6453E8E7-C182-439D-BFCD-43D4E82542A6}"
EndProject
Project("{9A19103F-16F7-4668-BE54-9A1E7A4F7556}") = "calc", "calc\calc.csproj", "{3C9D76BC-16EE-4294-BBD4-0933A5D79F82}"
EndProject
Project("{9A19103F-16F7-4668-BE54-9A1E7A4F7556}") = "SuperSkaiciatuvas_Refacting", "SuperSkaiciatuvas_Refacting\SuperSkaiciatuvas_Refacting.csproj", "{603DAC9B-404A-4858-814F-7843356737C7}"
EndProject
Project("{FAE04EC0-301F-11D3-BF4B-00C04F79EFBC}") = "Super_Sk_Test", "Super_Sk_Test\Super_Sk_Test.csproj", "{358937E2-1D71-4DAF-8869-C04D3288D819}"
EndProject
Global
	GlobalSection(SolutionConfigurationPlatforms) = preSolution
		Debug|Any CPU = Debug|Any CPU
		Release|Any CPU = Release|Any CPU
	EndGlobalSection
	GlobalSection(ProjectConfigurationPlatforms) = postSolution
		{4CF6BF3B-CE53-4632-8091-BAB2D21B811F}.Debug|Any CPU.ActiveCfg = Debug|Any CPU
		{4CF6BF3B-CE53-4632-8091-BAB2D21B811F}.Debug|Any CPU.Build.0 = Debug|Any CPU
		{4CF6BF3B-CE53-4632-8091-BAB2D21B811F}.Release|Any CPU.ActiveCfg = Release|Any CPU
		{4CF6BF3B-CE53-4632-8091-BAB2D21B811F}.Release|Any CPU.Build.0 = Release|Any CPU
		{9FFE7E00-7038-4103-9706-E8F2D34D9DF9}.Debug|Any CPU.ActiveCfg = Debug|Any CPU
		{9FFE7E00-7038-4103-9706-E8F2D34D9DF9}.Debug|Any CPU.Build.0 = Debug|Any CPU
		{9FFE7E00-7038-4103-9706-E8F2D34D9DF9}.Release|Any CPU.ActiveCfg = Release|Any CPU
		{9FFE7E00-7038-4103-9706-E8F2D34D9DF9}.Release|Any CPU.Build.0 = Release|Any CPU
		{9CFB5486-7F2D-4E9C-A6FB-06377F890EDE}.Debug|Any CPU.ActiveCfg = Debug|Any CPU
		{9CFB5486-7F2D-4E9C-A6FB-06377F890EDE}.Debug|Any CPU.Build.0 = Debug|Any CPU
		{9CFB5486-7F2D-4E9C-A6FB-06377F890EDE}.Release|Any CPU.ActiveCfg = Release|Any CPU
		{9CFB5486-7F2D-4E9C-A6FB-06377F890EDE}.Release|Any CPU.Build.0 = Release|Any CPU
		{8D15583E-900E-4276-833F-699BAD16FB98}.Debug|Any CPU.ActiveCfg = Debug|Any CPU
		{8D15583E-900E-4276-833F-699BAD16FB98}.Debug|Any CPU.Build.0 = Debug|Any CPU
		{8D15583E-900E-4276-833F-699BAD16FB98}.Release|Any CPU.ActiveCfg = Release|Any CPU
		{8D15583E-900E-4276-833F-699BAD16FB98}.Release|Any CPU.Build.0 = Release|Any CPU
		{A6E8D38C-70E6-473A-BC5C-15BD66C2A7FC}.Debug|Any CPU.ActiveCfg = Debug|Any CPU
		{A6E8D38C-70E6-473A-BC5C-15BD66C2A7FC}.Debug|Any CPU.Build.0 = Debug|Any CPU
		{A6E8D38C-70E6-473A-BC5C-15BD66C2A7FC}.Release|Any CPU.ActiveCfg = Release|Any CPU
		{A6E8D38C-70E6-473A-BC5C-15BD66C2A7FC}.Release|Any CPU.Build.0 = Release|Any CPU
		{9DD9B156-C48F-48AE-AF69-6E2E2175D072}.Debug|Any CPU.ActiveCfg = Debug|Any CPU
		{9DD9B156-C48F-48AE-AF69-6E2E2175D072}.Debug|Any CPU.Build.0 = Debug|Any CPU
		{9DD9B156-C48F-48AE-AF69-6E2E2175D072}.Release|Any CPU.ActiveCfg = Release|Any CPU
		{9DD9B156-C48F-48AE-AF69-6E2E2175D072}.Release|Any CPU.Build.0 = Release|Any CPU
		{9CF7C271-2227-4679-9F8B-E597F24A5919}.Debug|Any CPU.ActiveCfg = Debug|Any CPU
		{9CF7C271-2227-4679-9F8B-E597F24A5919}.Debug|Any CPU.Build.0 = Debug|Any CPU
		{9CF7C271-2227-4679-9F8B-E597F24A5919}.Release|Any CPU.ActiveCfg = Release|Any CPU
		{9CF7C271-2227-4679-9F8B-E597F24A5919}.Release|Any CPU.Build.0 = Release|Any CPU
		{D334AD06-AB35-4E1D-8A80-980AB6E7F0A7}.Debug|Any CPU.ActiveCfg = Debug|Any CPU
		{D334AD06-AB35-4E1D-8A80-980AB6E7F0A7}.Debug|Any CPU.Build.0 = Debug|Any CPU
		{D334AD06-AB35-4E1D-8A80-980AB6E7F0A7}.Release|Any CPU.ActiveCfg = Release|Any CPU
		{D334AD06-AB35-4E1D-8A80-980AB6E7F0A7}.Release|Any CPU.Build.0 = Release|Any CPU
		{B63214D2-51CB-4E48-A8C3-249D5DA25C96}.Debug|Any CPU.ActiveCfg = Debug|Any CPU
		{B63214D2-51CB-4E48-A8C3-249D5DA25C96}.Debug|Any CPU.Build.0 = Debug|Any CPU
		{B63214D2-51CB-4E48-A8C3-249D5DA25C96}.Release|Any CPU.ActiveCfg = Release|Any CPU
		{B63214D2-51CB-4E48-A8C3-249D5DA25C96}.Release|Any CPU.Build.0 = Release|Any CPU
		{AE2AFD54-596E-4525-A91D-CFE69F20F282}.Debug|Any CPU.ActiveCfg = Debug|Any CPU
		{AE2AFD54-596E-4525-A91D-CFE69F20F282}.Debug|Any CPU.Build.0 = Debug|Any CPU
		{AE2AFD54-596E-4525-A91D-CFE69F20F282}.Release|Any CPU.ActiveCfg = Release|Any CPU
		{AE2AFD54-596E-4525-A91D-CFE69F20F282}.Release|Any CPU.Build.0 = Release|Any CPU
		{98263B75-A0A7-486A-B2A3-250228AD2D1E}.Debug|Any CPU.ActiveCfg = Debug|Any CPU
		{98263B75-A0A7-486A-B2A3-250228AD2D1E}.Debug|Any CPU.Build.0 = Debug|Any CPU
		{98263B75-A0A7-486A-B2A3-250228AD2D1E}.Release|Any CPU.ActiveCfg = Release|Any CPU
		{98263B75-A0A7-486A-B2A3-250228AD2D1E}.Release|Any CPU.Build.0 = Release|Any CPU
		{76EA1266-701C-4B3B-A144-F5FD83CCE4DF}.Debug|Any CPU.ActiveCfg = Debug|Any CPU
		{76EA1266-701C-4B3B-A144-F5FD83CCE4DF}.Debug|Any CPU.Build.0 = Debug|Any CPU
		{76EA1266-701C-4B3B-A144-F5FD83CCE4DF}.Release|Any CPU.ActiveCfg = Release|Any CPU
		{76EA1266-701C-4B3B-A144-F5FD83CCE4DF}.Release|Any CPU.Build.0 = Release|Any CPU
		{7872EF73-05B7-4A79-9C76-E5E25242FA0E}.Debug|Any CPU.ActiveCfg = Debug|Any CPU
		{7872EF73-05B7-4A79-9C76-E5E25242FA0E}.Debug|Any CPU.Build.0 = Debug|Any CPU
		{7872EF73-05B7-4A79-9C76-E5E25242FA0E}.Release|Any CPU.ActiveCfg = Release|Any CPU
		{7872EF73-05B7-4A79-9C76-E5E25242FA0E}.Release|Any CPU.Build.0 = Release|Any CPU
		{DDEAE3EF-0E0F-4C22-BFC3-3A9875ACB039}.Debug|Any CPU.ActiveCfg = Debug|Any CPU
		{DDEAE3EF-0E0F-4C22-BFC3-3A9875ACB039}.Debug|Any CPU.Build.0 = Debug|Any CPU
		{DDEAE3EF-0E0F-4C22-BFC3-3A9875ACB039}.Release|Any CPU.ActiveCfg = Release|Any CPU
		{DDEAE3EF-0E0F-4C22-BFC3-3A9875ACB039}.Release|Any CPU.Build.0 = Release|Any CPU
		{DB0A7C0A-D90B-4194-AB6A-50EA8C136B7A}.Debug|Any CPU.ActiveCfg = Debug|Any CPU
		{DB0A7C0A-D90B-4194-AB6A-50EA8C136B7A}.Debug|Any CPU.Build.0 = Debug|Any CPU
		{DB0A7C0A-D90B-4194-AB6A-50EA8C136B7A}.Release|Any CPU.ActiveCfg = Release|Any CPU
		{DB0A7C0A-D90B-4194-AB6A-50EA8C136B7A}.Release|Any CPU.Build.0 = Release|Any CPU
		{233C3777-406C-4E75-8459-A0B473AA724D}.Debug|Any CPU.ActiveCfg = Debug|Any CPU
		{233C3777-406C-4E75-8459-A0B473AA724D}.Debug|Any CPU.Build.0 = Debug|Any CPU
		{233C3777-406C-4E75-8459-A0B473AA724D}.Release|Any CPU.ActiveCfg = Release|Any CPU
		{233C3777-406C-4E75-8459-A0B473AA724D}.Release|Any CPU.Build.0 = Release|Any CPU
		{FFA266F2-7E2D-423A-B37A-45DFC201C7BF}.Debug|Any CPU.ActiveCfg = Debug|Any CPU
		{FFA266F2-7E2D-423A-B37A-45DFC201C7BF}.Debug|Any CPU.Build.0 = Debug|Any CPU
		{FFA266F2-7E2D-423A-B37A-45DFC201C7BF}.Release|Any CPU.ActiveCfg = Release|Any CPU
		{FFA266F2-7E2D-423A-B37A-45DFC201C7BF}.Release|Any CPU.Build.0 = Release|Any CPU
		{D588C737-0A12-4BA0-92A3-989B7B7F0D34}.Debug|Any CPU.ActiveCfg = Debug|Any CPU
		{D588C737-0A12-4BA0-92A3-989B7B7F0D34}.Debug|Any CPU.Build.0 = Debug|Any CPU
		{D588C737-0A12-4BA0-92A3-989B7B7F0D34}.Release|Any CPU.ActiveCfg = Release|Any CPU
		{D588C737-0A12-4BA0-92A3-989B7B7F0D34}.Release|Any CPU.Build.0 = Release|Any CPU
		{EF43C798-6B83-41D7-BFE9-72B0DDD37A77}.Debug|Any CPU.ActiveCfg = Debug|Any CPU
		{EF43C798-6B83-41D7-BFE9-72B0DDD37A77}.Debug|Any CPU.Build.0 = Debug|Any CPU
		{EF43C798-6B83-41D7-BFE9-72B0DDD37A77}.Release|Any CPU.ActiveCfg = Release|Any CPU
		{EF43C798-6B83-41D7-BFE9-72B0DDD37A77}.Release|Any CPU.Build.0 = Release|Any CPU
		{DECD3E7B-8896-44AD-8C24-CCC00DE5AF06}.Debug|Any CPU.ActiveCfg = Debug|Any CPU
		{DECD3E7B-8896-44AD-8C24-CCC00DE5AF06}.Debug|Any CPU.Build.0 = Debug|Any CPU
		{DECD3E7B-8896-44AD-8C24-CCC00DE5AF06}.Release|Any CPU.ActiveCfg = Release|Any CPU
		{DECD3E7B-8896-44AD-8C24-CCC00DE5AF06}.Release|Any CPU.Build.0 = Release|Any CPU
		{5C0BBB4B-445D-4A7B-93A1-4F555E447371}.Debug|Any CPU.ActiveCfg = Debug|Any CPU
		{5C0BBB4B-445D-4A7B-93A1-4F555E447371}.Debug|Any CPU.Build.0 = Debug|Any CPU
		{5C0BBB4B-445D-4A7B-93A1-4F555E447371}.Release|Any CPU.ActiveCfg = Release|Any CPU
		{5C0BBB4B-445D-4A7B-93A1-4F555E447371}.Release|Any CPU.Build.0 = Release|Any CPU
		{036A233B-4E84-4B98-8273-B1A183C11DFD}.Debug|Any CPU.ActiveCfg = Debug|Any CPU
		{036A233B-4E84-4B98-8273-B1A183C11DFD}.Debug|Any CPU.Build.0 = Debug|Any CPU
		{036A233B-4E84-4B98-8273-B1A183C11DFD}.Release|Any CPU.ActiveCfg = Release|Any CPU
		{036A233B-4E84-4B98-8273-B1A183C11DFD}.Release|Any CPU.Build.0 = Release|Any CPU
		{3CA43C7F-699C-450F-BF26-CE6D8B748889}.Debug|Any CPU.ActiveCfg = Debug|Any CPU
		{3CA43C7F-699C-450F-BF26-CE6D8B748889}.Debug|Any CPU.Build.0 = Debug|Any CPU
		{3CA43C7F-699C-450F-BF26-CE6D8B748889}.Release|Any CPU.ActiveCfg = Release|Any CPU
		{3CA43C7F-699C-450F-BF26-CE6D8B748889}.Release|Any CPU.Build.0 = Release|Any CPU
		{FBCC762B-6A94-4B46-9B50-830F633A7799}.Debug|Any CPU.ActiveCfg = Debug|Any CPU
		{FBCC762B-6A94-4B46-9B50-830F633A7799}.Debug|Any CPU.Build.0 = Debug|Any CPU
		{FBCC762B-6A94-4B46-9B50-830F633A7799}.Release|Any CPU.ActiveCfg = Release|Any CPU
		{FBCC762B-6A94-4B46-9B50-830F633A7799}.Release|Any CPU.Build.0 = Release|Any CPU
		{9621700D-0AC0-42AF-B62E-B9530914242A}.Debug|Any CPU.ActiveCfg = Debug|Any CPU
		{9621700D-0AC0-42AF-B62E-B9530914242A}.Debug|Any CPU.Build.0 = Debug|Any CPU
		{9621700D-0AC0-42AF-B62E-B9530914242A}.Release|Any CPU.ActiveCfg = Release|Any CPU
		{9621700D-0AC0-42AF-B62E-B9530914242A}.Release|Any CPU.Build.0 = Release|Any CPU
		{7C881542-1498-45BC-971B-8B9C72C899C2}.Debug|Any CPU.ActiveCfg = Debug|Any CPU
		{7C881542-1498-45BC-971B-8B9C72C899C2}.Debug|Any CPU.Build.0 = Debug|Any CPU
		{7C881542-1498-45BC-971B-8B9C72C899C2}.Release|Any CPU.ActiveCfg = Release|Any CPU
		{7C881542-1498-45BC-971B-8B9C72C899C2}.Release|Any CPU.Build.0 = Release|Any CPU
		{91E232FF-10A0-4C4B-AD51-96A2DD21A9A1}.Debug|Any CPU.ActiveCfg = Debug|Any CPU
		{91E232FF-10A0-4C4B-AD51-96A2DD21A9A1}.Debug|Any CPU.Build.0 = Debug|Any CPU
		{91E232FF-10A0-4C4B-AD51-96A2DD21A9A1}.Release|Any CPU.ActiveCfg = Release|Any CPU
		{91E232FF-10A0-4C4B-AD51-96A2DD21A9A1}.Release|Any CPU.Build.0 = Release|Any CPU
		{D8ED2109-4767-45D1-AD0E-C42FA5D10960}.Debug|Any CPU.ActiveCfg = Debug|Any CPU
		{D8ED2109-4767-45D1-AD0E-C42FA5D10960}.Debug|Any CPU.Build.0 = Debug|Any CPU
		{D8ED2109-4767-45D1-AD0E-C42FA5D10960}.Release|Any CPU.ActiveCfg = Release|Any CPU
		{D8ED2109-4767-45D1-AD0E-C42FA5D10960}.Release|Any CPU.Build.0 = Release|Any CPU
		{D0DBB83D-F97B-4AC1-B798-FF820816ED31}.Debug|Any CPU.ActiveCfg = Debug|Any CPU
		{D0DBB83D-F97B-4AC1-B798-FF820816ED31}.Debug|Any CPU.Build.0 = Debug|Any CPU
		{D0DBB83D-F97B-4AC1-B798-FF820816ED31}.Release|Any CPU.ActiveCfg = Release|Any CPU
		{D0DBB83D-F97B-4AC1-B798-FF820816ED31}.Release|Any CPU.Build.0 = Release|Any CPU
		{CEEA5F00-B804-4694-BD7A-9189CF14CF86}.Debug|Any CPU.ActiveCfg = Debug|Any CPU
		{CEEA5F00-B804-4694-BD7A-9189CF14CF86}.Debug|Any CPU.Build.0 = Debug|Any CPU
		{CEEA5F00-B804-4694-BD7A-9189CF14CF86}.Release|Any CPU.ActiveCfg = Release|Any CPU
		{CEEA5F00-B804-4694-BD7A-9189CF14CF86}.Release|Any CPU.Build.0 = Release|Any CPU
		{3298578D-6B58-4ACA-8E10-C5931EBE2D8A}.Debug|Any CPU.ActiveCfg = Debug|Any CPU
		{3298578D-6B58-4ACA-8E10-C5931EBE2D8A}.Debug|Any CPU.Build.0 = Debug|Any CPU
		{3298578D-6B58-4ACA-8E10-C5931EBE2D8A}.Release|Any CPU.ActiveCfg = Release|Any CPU
		{3298578D-6B58-4ACA-8E10-C5931EBE2D8A}.Release|Any CPU.Build.0 = Release|Any CPU
		{23D4DCDF-8E5A-4727-9026-7C84898558E9}.Debug|Any CPU.ActiveCfg = Debug|Any CPU
		{23D4DCDF-8E5A-4727-9026-7C84898558E9}.Debug|Any CPU.Build.0 = Debug|Any CPU
		{23D4DCDF-8E5A-4727-9026-7C84898558E9}.Release|Any CPU.ActiveCfg = Release|Any CPU
		{23D4DCDF-8E5A-4727-9026-7C84898558E9}.Release|Any CPU.Build.0 = Release|Any CPU
		{BA5567AB-9879-41A2-8144-011F27B64CB9}.Debug|Any CPU.ActiveCfg = Debug|Any CPU
		{BA5567AB-9879-41A2-8144-011F27B64CB9}.Debug|Any CPU.Build.0 = Debug|Any CPU
		{BA5567AB-9879-41A2-8144-011F27B64CB9}.Release|Any CPU.ActiveCfg = Release|Any CPU
		{BA5567AB-9879-41A2-8144-011F27B64CB9}.Release|Any CPU.Build.0 = Release|Any CPU
		{A4455FE5-AB50-477D-B839-0260080A0FA0}.Debug|Any CPU.ActiveCfg = Debug|Any CPU
		{A4455FE5-AB50-477D-B839-0260080A0FA0}.Debug|Any CPU.Build.0 = Debug|Any CPU
		{A4455FE5-AB50-477D-B839-0260080A0FA0}.Release|Any CPU.ActiveCfg = Release|Any CPU
		{A4455FE5-AB50-477D-B839-0260080A0FA0}.Release|Any CPU.Build.0 = Release|Any CPU
		{C9E98F44-0528-4966-8807-566F1F00653E}.Debug|Any CPU.ActiveCfg = Debug|Any CPU
		{C9E98F44-0528-4966-8807-566F1F00653E}.Debug|Any CPU.Build.0 = Debug|Any CPU
		{C9E98F44-0528-4966-8807-566F1F00653E}.Release|Any CPU.ActiveCfg = Release|Any CPU
		{C9E98F44-0528-4966-8807-566F1F00653E}.Release|Any CPU.Build.0 = Release|Any CPU
		{00455BD1-8B2D-4FAA-8E60-5950E6562D62}.Debug|Any CPU.ActiveCfg = Debug|Any CPU
		{00455BD1-8B2D-4FAA-8E60-5950E6562D62}.Debug|Any CPU.Build.0 = Debug|Any CPU
		{00455BD1-8B2D-4FAA-8E60-5950E6562D62}.Release|Any CPU.ActiveCfg = Release|Any CPU
		{00455BD1-8B2D-4FAA-8E60-5950E6562D62}.Release|Any CPU.Build.0 = Release|Any CPU
		{54328509-E2A3-4FB8-A5DF-4D2944352B17}.Debug|Any CPU.ActiveCfg = Debug|Any CPU
		{54328509-E2A3-4FB8-A5DF-4D2944352B17}.Debug|Any CPU.Build.0 = Debug|Any CPU
		{54328509-E2A3-4FB8-A5DF-4D2944352B17}.Release|Any CPU.ActiveCfg = Release|Any CPU
		{54328509-E2A3-4FB8-A5DF-4D2944352B17}.Release|Any CPU.Build.0 = Release|Any CPU
		{6453E8E7-C182-439D-BFCD-43D4E82542A6}.Debug|Any CPU.ActiveCfg = Debug|Any CPU
		{6453E8E7-C182-439D-BFCD-43D4E82542A6}.Debug|Any CPU.Build.0 = Debug|Any CPU
		{6453E8E7-C182-439D-BFCD-43D4E82542A6}.Release|Any CPU.ActiveCfg = Release|Any CPU
		{6453E8E7-C182-439D-BFCD-43D4E82542A6}.Release|Any CPU.Build.0 = Release|Any CPU
		{3C9D76BC-16EE-4294-BBD4-0933A5D79F82}.Debug|Any CPU.ActiveCfg = Debug|Any CPU
		{3C9D76BC-16EE-4294-BBD4-0933A5D79F82}.Debug|Any CPU.Build.0 = Debug|Any CPU
		{3C9D76BC-16EE-4294-BBD4-0933A5D79F82}.Release|Any CPU.ActiveCfg = Release|Any CPU
		{3C9D76BC-16EE-4294-BBD4-0933A5D79F82}.Release|Any CPU.Build.0 = Release|Any CPU
		{603DAC9B-404A-4858-814F-7843356737C7}.Debug|Any CPU.ActiveCfg = Debug|Any CPU
		{603DAC9B-404A-4858-814F-7843356737C7}.Debug|Any CPU.Build.0 = Debug|Any CPU
		{603DAC9B-404A-4858-814F-7843356737C7}.Release|Any CPU.ActiveCfg = Release|Any CPU
		{603DAC9B-404A-4858-814F-7843356737C7}.Release|Any CPU.Build.0 = Release|Any CPU
		{358937E2-1D71-4DAF-8869-C04D3288D819}.Debug|Any CPU.ActiveCfg = Debug|Any CPU
		{358937E2-1D71-4DAF-8869-C04D3288D819}.Debug|Any CPU.Build.0 = Debug|Any CPU
		{358937E2-1D71-4DAF-8869-C04D3288D819}.Release|Any CPU.ActiveCfg = Release|Any CPU
		{358937E2-1D71-4DAF-8869-C04D3288D819}.Release|Any CPU.Build.0 = Release|Any CPU
	EndGlobalSection
	GlobalSection(SolutionProperties) = preSolution
		HideSolutionNode = FALSE
	EndGlobalSection
	GlobalSection(NestedProjects) = preSolution
		{5C0BBB4B-445D-4A7B-93A1-4F555E447371} = {C0BA5E31-DEAE-4468-9DA1-66E48066220F}
		{FBCC762B-6A94-4B46-9B50-830F633A7799} = {C0BA5E31-DEAE-4468-9DA1-66E48066220F}
		{CEEA5F00-B804-4694-BD7A-9189CF14CF86} = {C0BA5E31-DEAE-4468-9DA1-66E48066220F}
		{BA5567AB-9879-41A2-8144-011F27B64CB9} = {C0BA5E31-DEAE-4468-9DA1-66E48066220F}
		{54328509-E2A3-4FB8-A5DF-4D2944352B17} = {C0BA5E31-DEAE-4468-9DA1-66E48066220F}
		{358937E2-1D71-4DAF-8869-C04D3288D819} = {C0BA5E31-DEAE-4468-9DA1-66E48066220F}
	EndGlobalSection
	GlobalSection(ExtensibilityGlobals) = postSolution
		SolutionGuid = {15C80910-8C9E-4417-B771-0E81969B0D64}
	EndGlobalSection
EndGlobal
