
Microsoft Visual Studio Solution File, Format Version 12.00
# Visual Studio Version 17
VisualStudioVersion = 17.2.32519.379
MinimumVisualStudioVersion = 10.0.40219.1
Project("{9A19103F-16F7-4668-BE54-9A1E7A4F7556}") = "HangMan_Zaidimas", "HangMan_Zaidimas\HangMan_Zaidimas.csproj", "{8B47C942-AD0A-417A-A596-4BFCF4B3A689}"
EndProject
Project("{FAE04EC0-301F-11D3-BF4B-00C04F79EFBC}") = "Hangman_Test", "Hangman_Test\Hangman_Test.csproj", "{94EA8D87-B954-4F3F-9B03-F959A5FAF39E}"
EndProject
Global
	GlobalSection(SolutionConfigurationPlatforms) = preSolution
		Debug|Any CPU = Debug|Any CPU
		Release|Any CPU = Release|Any CPU
	EndGlobalSection
	GlobalSection(ProjectConfigurationPlatforms) = postSolution
		{8B47C942-AD0A-417A-A596-4BFCF4B3A689}.Debug|Any CPU.ActiveCfg = Debug|Any CPU
		{8B47C942-AD0A-417A-A596-4BFCF4B3A689}.Debug|Any CPU.Build.0 = Debug|Any CPU
		{8B47C942-AD0A-417A-A596-4BFCF4B3A689}.Release|Any CPU.ActiveCfg = Release|Any CPU
		{8B47C942-AD0A-417A-A596-4BFCF4B3A689}.Release|Any CPU.Build.0 = Release|Any CPU
		{94EA8D87-B954-4F3F-9B03-F959A5FAF39E}.Debug|Any CPU.ActiveCfg = Debug|Any CPU
		{94EA8D87-B954-4F3F-9B03-F959A5FAF39E}.Debug|Any CPU.Build.0 = Debug|Any CPU
		{94EA8D87-B954-4F3F-9B03-F959A5FAF39E}.Release|Any CPU.ActiveCfg = Release|Any CPU
		{94EA8D87-B954-4F3F-9B03-F959A5FAF39E}.Release|Any CPU.Build.0 = Release|Any CPU
	EndGlobalSection
	GlobalSection(SolutionProperties) = preSolution
		HideSolutionNode = FALSE
	EndGlobalSection
	GlobalSection(ExtensibilityGlobals) = postSolution
		SolutionGuid = {F46A5F6A-3603-461F-A2BA-CAF28A1FA783}
	EndGlobalSection
EndGlobal
